version = 1
revision = 3
requires-python = ">=3.12"

[[package]]
name = "alphaesscontroll"
version = "0.1.0"
source = { virtual = "." }
dependencies = [
    { name = "pymodbus" },
]

[package.metadata]
requires-dist = [{ name = "pymodbus", specifier = "==3.6.9" }]

[[package]]
name = "pymodbus"
version = "3.6.9"
source = { registry = "https://pypi.org/simple" }
sdist = { url = "https://files.pythonhosted.org/packages/b4/a4/5322c8e3be3bb2db7ab3eb7c2160fd2ec325083d7e60a76cd9cc896dd7bd/pymodbus-3.6.9.tar.gz", hash = "sha256:f4223b72c20cd00a2cf25f6ddb31ecb2c0587309111a55283b2f4a1ac115e4cc", size = 193922, upload-time = "2024-06-27T10:24:31.267Z" }
wheels = [
    { url = "https://files.pythonhosted.org/packages/a2/1e/579762ad921bb7c0dd5108ae00cedd07b7baa150083d210bcd2b1aeb4262/pymodbus-3.6.9-py3-none-any.whl", hash = "sha256:91dea79f157ca2d26c137190de76dce5a6c99c0ea514d2d1bf3980acbbdaf29c", size = 186547, upload-time = "2024-06-27T10:24:29.018Z" },
]
